github.com/iancoleman/strcase v0.1.1 h1:2I+LRClyCYB7JgZb9U0k75VHUiQe9RfknRqDyUfzp7k=
github.com/iancoleman/strcase v0.1.1/go.mod h1:SK73tn/9oHe+/Y0h39VT4UCxmurVJkR5NA7kMEAOgSE=
github.com/iancoleman/strcase v0.1.2 h1:gnomlvw9tnV3ITTAxzKSgTF+8kFWcU/f+TgttpXGz1U=
github.com/iancoleman/strcase v0.1.2/go.mod h1:SK73tn/9oHe+/Y0h39VT4UCxmurVJkR5NA7kMEAOgSE=
golang.org/x/sync v0.0.0-20200625203802-6e8e738ad208 h1:qwRHBd0NqMbJxfbotnDhm2ByMI1Shq4Y6oRJo21SGJA=
golang.org/x/sync v0.0.0-20200625203802-6e8e738ad208/go.mod h1:RxMgew5VJxzue5/jJTE5uejpjVlOe/izrB70Jof72aM=
golang.org/x/sync v0.0.0-20201008141435-b3e1573b7520 h1:Bx6FllMpG4NWDOfhMBz1VR2QYNp/SAOHPIAsaVmxfPo=
golang.org/x/sync v0.0.0-20201008141435-b3e1573b7520/go.mod h1:RxMgew5VJxzue5/jJTE5uejpjVlOe/izrB70Jof72aM=
